<?xml version="1.0" encoding="utf-8"?>
<Project ToolsVersion="4.0" xmlns="http://schemas.microsoft.com/developer/msbuild/2003">
  <ItemGroup>
    <Filter Include="Source Files">
      <UniqueIdentifier>{4FC737F1-C7A5-4376-A066-2A32D752A2FF}</UniqueIdentifier>
      <Extensions>cpp;c;cc;cxx;c++;cppm;ixx;def;odl;idl;hpj;bat;asm;asmx</Extensions>
    </Filter>
    <Filter Include="Header Files">
      <UniqueIdentifier>{93995380-89BD-4b04-88EB-625FBE52EBFB}</UniqueIdentifier>
      <Extensions>h;hh;hpp;hxx;h++;hm;inl;inc;ipp;xsd</Extensions>
    </Filter>
    <Filter Include="Resource Files">
      <UniqueIdentifier>{67DA6AB6-F800-4c08-8B7A-83BB121AAD01}</UniqueIdentifier>
      <Extensions>rc;ico;cur;bmp;dlg;rc2;rct;bin;rgs;gif;jpg;jpeg;jpe;resx;tiff;tif;png;wav;mfcribbon-ms</Extensions>
    </Filter>
  </ItemGroup>
  <ItemGroup>
    <CudaCompile Include="..\source\cuda_kernel.cu">
      <Filter>Source Files</Filter>
    </CudaCompile>
  </ItemGroup>
  <ItemGroup>
    <ClCompile Include="..\source\main.cpp">
      <Filter>Source Files</Filter>
    </ClCompile>
  </ItemGroup>
  <ItemGroup>
    <None Include="..\asset\shader.fs.glsl">
      <Filter>Resource Files</Filter>
    </None>
    <None Include="..\asset\shader.vs.glsl">
      <Filter>Resource Files</Filter>
    </None>
  </ItemGroup>
  <ItemGroup>
    <ClInclude Include="..\source\aabb.cuh">
      <Filter>Header Files</Filter>
    </ClInclude>
    <ClInclude Include="..\source\aabox.cuh">
      <Filter>Header Files</Filter>
    </ClInclude>
    <ClInclude Include="..\source\aarect.cuh">
      <Filter>Header Files</Filter>
    </ClInclude>
    <ClInclude Include="..\source\camera.cuh">
      <Filter>Header Files</Filter>
    </ClInclude>
    <ClInclude Include="..\source\constant.h">
      <Filter>Header Files</Filter>
    </ClInclude>
    <ClInclude Include="..\source\cuda_helper.cuh">
      <Filter>Header Files</Filter>
    </ClInclude>
    <ClInclude Include="..\source\cuda_utils.cuh">
      <Filter>Header Files</Filter>
    </ClInclude>
    <ClInclude Include="..\source\gl_helper.h">
      <Filter>Header Files</Filter>
    </ClInclude>
    <ClInclude Include="..\source\gl_utils.h">
      <Filter>Header Files</Filter>
    </ClInclude>
    <ClInclude Include="..\source\helper.h">
      <Filter>Header Files</Filter>
    </ClInclude>
    <ClInclude Include="..\source\hitable.cuh">
      <Filter>Header Files</Filter>
    </ClInclude>
    <ClInclude Include="..\source\hitable_list.cuh">
      <Filter>Header Files</Filter>
    </ClInclude>
    <ClInclude Include="..\source\material.cuh">
      <Filter>Header Files</Filter>
    </ClInclude>
    <ClInclude Include="..\source\onb.cuh">
      <Filter>Header Files</Filter>
    </ClInclude>
    <ClInclude Include="..\source\path_tracer.cuh">
      <Filter>Header Files</Filter>
    </ClInclude>
    <ClInclude Include="..\source\pdf.cuh">
      <Filter>Header Files</Filter>
    </ClInclude>
    <ClInclude Include="..\source\q_learning.cuh">
      <Filter>Header Files</Filter>
    </ClInclude>
    <ClInclude Include="..\source\ray.cuh">
      <Filter>Header Files</Filter>
    </ClInclude>
    <ClInclude Include="..\source\regular_grid.cuh">
      <Filter>Header Files</Filter>
    </ClInclude>
    <ClInclude Include="..\source\rl_helper.cuh">
      <Filter>Header Files</Filter>
    </ClInclude>
    <ClInclude Include="..\source\rng.cuh">
      <Filter>Header Files</Filter>
    </ClInclude>
    <ClInclude Include="..\source\sphere.cuh">
      <Filter>Header Files</Filter>
    </ClInclude>
    <ClInclude Include="..\source\surf_tex.cuh">
      <Filter>Header Files</Filter>
    </ClInclude>
    <ClInclude Include="..\source\td_learning.cuh">
      <Filter>Header Files</Filter>
    </ClInclude>
    <ClInclude Include="..\source\tri.cuh">
      <Filter>Header Files</Filter>
    </ClInclude>
    <ClInclude Include="..\source\vec3.cuh">
      <Filter>Header Files</Filter>
    </ClInclude>
  </ItemGroup>
</Project>